
Microsoft Visual Studio Solution File, Format Version 12.00
# Visual Studio 2013
VisualStudioVersion = 12.0.31101.0
MinimumVisualStudioVersion = 10.0.40219.1
Project("{FAE04EC0-301F-11D3-BF4B-00C04F79EFBC}") = "Security", "Security\Security.csproj", "{08DBA509-B95E-4F0C-B605-58B9484EA209}"
EndProject
Project("{FAE04EC0-301F-11D3-BF4B-00C04F79EFBC}") = "DataRepository", "DataRepository\DataRepository.csproj", "{DAF6E782-54CF-428A-9CEC-02A95A35FAD2}"
EndProject
Project("{FAE04EC0-301F-11D3-BF4B-00C04F79EFBC}") = "Interfaces", "Interfaces\Interfaces.csproj", "{BB755FD0-EF16-40E0-8466-FA851BCCDE12}"
EndProject
Project("{FAE04EC0-301F-11D3-BF4B-00C04F79EFBC}") = "DataModel", "DataModel\DataModel.csproj", "{970B9170-F1B0-4AE3-B257-F6848B58768A}"
EndProject
Project("{FAE04EC0-301F-11D3-BF4B-00C04F79EFBC}") = "SystemTools", "..\Taxorg\WebTools\SystemTools.csproj", "{8FB401C3-7285-4F17-A192-41F6CB77FC61}"
EndProject
Project("{FAE04EC0-301F-11D3-BF4B-00C04F79EFBC}") = "Security.TestProject", "Security.TestProject\Security.TestProject.csproj", "{41D1343A-73BD-4A2B-A455-D0269C221DCF}"
EndProject
Global
	GlobalSection(SolutionConfigurationPlatforms) = preSolution
		Debug|Any CPU = Debug|Any CPU
		Release|Any CPU = Release|Any CPU
	EndGlobalSection
	GlobalSection(ProjectConfigurationPlatforms) = postSolution
		{08DBA509-B95E-4F0C-B605-58B9484EA209}.Debug|Any CPU.ActiveCfg = Debug|Any CPU
		{08DBA509-B95E-4F0C-B605-58B9484EA209}.Debug|Any CPU.Build.0 = Debug|Any CPU
		{08DBA509-B95E-4F0C-B605-58B9484EA209}.Release|Any CPU.ActiveCfg = Release|Any CPU
		{08DBA509-B95E-4F0C-B605-58B9484EA209}.Release|Any CPU.Build.0 = Release|Any CPU
		{DAF6E782-54CF-428A-9CEC-02A95A35FAD2}.Debug|Any CPU.ActiveCfg = Debug|Any CPU
		{DAF6E782-54CF-428A-9CEC-02A95A35FAD2}.Debug|Any CPU.Build.0 = Debug|Any CPU
		{DAF6E782-54CF-428A-9CEC-02A95A35FAD2}.Release|Any CPU.ActiveCfg = Release|Any CPU
		{DAF6E782-54CF-428A-9CEC-02A95A35FAD2}.Release|Any CPU.Build.0 = Release|Any CPU
		{BB755FD0-EF16-40E0-8466-FA851BCCDE12}.Debug|Any CPU.ActiveCfg = Debug|Any CPU
		{BB755FD0-EF16-40E0-8466-FA851BCCDE12}.Debug|Any CPU.Build.0 = Debug|Any CPU
		{BB755FD0-EF16-40E0-8466-FA851BCCDE12}.Release|Any CPU.ActiveCfg = Release|Any CPU
		{BB755FD0-EF16-40E0-8466-FA851BCCDE12}.Release|Any CPU.Build.0 = Release|Any CPU
		{970B9170-F1B0-4AE3-B257-F6848B58768A}.Debug|Any CPU.ActiveCfg = Debug|Any CPU
		{970B9170-F1B0-4AE3-B257-F6848B58768A}.Debug|Any CPU.Build.0 = Debug|Any CPU
		{970B9170-F1B0-4AE3-B257-F6848B58768A}.Release|Any CPU.ActiveCfg = Release|Any CPU
		{970B9170-F1B0-4AE3-B257-F6848B58768A}.Release|Any CPU.Build.0 = Release|Any CPU
		{8FB401C3-7285-4F17-A192-41F6CB77FC61}.Debug|Any CPU.ActiveCfg = Debug|Any CPU
		{8FB401C3-7285-4F17-A192-41F6CB77FC61}.Debug|Any CPU.Build.0 = Debug|Any CPU
		{8FB401C3-7285-4F17-A192-41F6CB77FC61}.Release|Any CPU.ActiveCfg = Release|Any CPU
		{8FB401C3-7285-4F17-A192-41F6CB77FC61}.Release|Any CPU.Build.0 = Release|Any CPU
		{41D1343A-73BD-4A2B-A455-D0269C221DCF}.Debug|Any CPU.ActiveCfg = Debug|Any CPU
		{41D1343A-73BD-4A2B-A455-D0269C221DCF}.Debug|Any CPU.Build.0 = Debug|Any CPU
		{41D1343A-73BD-4A2B-A455-D0269C221DCF}.Release|Any CPU.ActiveCfg = Release|Any CPU
		{41D1343A-73BD-4A2B-A455-D0269C221DCF}.Release|Any CPU.Build.0 = Release|Any CPU
	EndGlobalSection
	GlobalSection(SolutionProperties) = preSolution
		HideSolutionNode = FALSE
	EndGlobalSection
EndGlobal
